
Microsoft Visual Studio Solution File, Format Version 12.00
# Visual Studio 15
VisualStudioVersion = 15.0.28010.2041
MinimumVisualStudioVersion = 10.0.40219.1
Project("{FAE04EC0-301F-11D3-BF4B-00C04F79EFBC}") = "ShopNetwork", "ShopNetwork\ShopNetwork.csproj", "{0F282BB6-90A9-49A3-AE33-B151AE0B81CC}"
EndProject
Global
	GlobalSection(SolutionConfigurationPlatforms) = preSolution
		Debug|Any CPU = Debug|Any CPU
		Release|Any CPU = Release|Any CPU
	EndGlobalSection
	GlobalSection(ProjectConfigurationPlatforms) = postSolution
		{0F282BB6-90A9-49A3-AE33-B151AE0B81CC}.Debug|Any CPU.ActiveCfg = Debug|Any CPU
		{0F282BB6-90A9-49A3-AE33-B151AE0B81CC}.Debug|Any CPU.Build.0 = Debug|Any CPU
		{0F282BB6-90A9-49A3-AE33-B151AE0B81CC}.Release|Any CPU.ActiveCfg = Release|Any CPU
		{0F282BB6-90A9-49A3-AE33-B151AE0B81CC}.Release|Any CPU.Build.0 = Release|Any CPU
	EndGlobalSection
	GlobalSection(SolutionProperties) = preSolution
		HideSolutionNode = FALSE
	EndGlobalSection
	GlobalSection(ExtensibilityGlobals) = postSolution
		SolutionGuid = {41BD418C-08F8-4C28-8A4A-5FC87CA6496D}
	EndGlobalSection
EndGlobal
